
Microsoft Visual Studio Solution File, Format Version 12.00
# Visual Studio Version 16
VisualStudioVersion = 16.0.29424.173
MinimumVisualStudioVersion = 10.0.40219.1
Project("{FAE04EC0-301F-11D3-BF4B-00C04F79EFBC}") = "ShopPhone", "ShopPhone.csproj", "{C5868265-0583-4E94-998F-4F318CC9B1EC}"
EndProject
Global
	GlobalSection(SolutionConfigurationPlatforms) = preSolution
		Debug|Any CPU = Debug|Any CPU
		Release|Any CPU = Release|Any CPU
	EndGlobalSection
	GlobalSection(ProjectConfigurationPlatforms) = postSolution
		{C5868265-0583-4E94-998F-4F318CC9B1EC}.Debug|Any CPU.ActiveCfg = Debug|Any CPU
		{C5868265-0583-4E94-998F-4F318CC9B1EC}.Debug|Any CPU.Build.0 = Debug|Any CPU
		{C5868265-0583-4E94-998F-4F318CC9B1EC}.Release|Any CPU.ActiveCfg = Release|Any CPU
		{C5868265-0583-4E94-998F-4F318CC9B1EC}.Release|Any CPU.Build.0 = Release|Any CPU
	EndGlobalSection
	GlobalSection(SolutionProperties) = preSolution
		HideSolutionNode = FALSE
	EndGlobalSection
	GlobalSection(ExtensibilityGlobals) = postSolution
		SolutionGuid = {F7A49FA6-12AB-45CE-95A8-7E6CD968625A}
	EndGlobalSection
EndGlobal
